
Microsoft Visual Studio Solution File, Format Version 12.00
# Visual Studio Version 17
VisualStudioVersion = 17.0.31903.59
MinimumVisualStudioVersion = 10.0.40219.1
Project("{FAE04EC0-301F-11D3-BF4B-00C04F79EFBC}") = "Imzala", "src\Imzala.csproj", "{A88B47D6-A9DC-43B2-A3A1-4484313B69B1}"
EndProject
Project("{FAE04EC0-301F-11D3-BF4B-00C04F79EFBC}") = "Imzala.Tests", "tests\Imzala.Tests.csproj", "{8CFD041E-14E8-4165-9F10-5F587918A350}"
EndProject
Global
	GlobalSection(SolutionConfigurationPlatforms) = preSolution
		Debug|Any CPU = Debug|Any CPU
		Release|Any CPU = Release|Any CPU
	EndGlobalSection
	GlobalSection(SolutionProperties) = preSolution
		HideSolutionNode = FALSE
	EndGlobalSection
	GlobalSection(ProjectConfigurationPlatforms) = postSolution
		{A88B47D6-A9DC-43B2-A3A1-4484313B69B1}.Debug|Any CPU.ActiveCfg = Debug|Any CPU
		{A88B47D6-A9DC-43B2-A3A1-4484313B69B1}.Debug|Any CPU.Build.0 = Debug|Any CPU
		{A88B47D6-A9DC-43B2-A3A1-4484313B69B1}.Release|Any CPU.ActiveCfg = Release|Any CPU
		{A88B47D6-A9DC-43B2-A3A1-4484313B69B1}.Release|Any CPU.Build.0 = Release|Any CPU
		{8CFD041E-14E8-4165-9F10-5F587918A350}.Debug|Any CPU.ActiveCfg = Debug|Any CPU
		{8CFD041E-14E8-4165-9F10-5F587918A350}.Debug|Any CPU.Build.0 = Debug|Any CPU
		{8CFD041E-14E8-4165-9F10-5F587918A350}.Release|Any CPU.ActiveCfg = Release|Any CPU
		{8CFD041E-14E8-4165-9F10-5F587918A350}.Release|Any CPU.Build.0 = Release|Any CPU
	EndGlobalSection
EndGlobal
